
Microsoft Visual Studio Solution File, Format Version 12.00
# Visual Studio Version 16
VisualStudioVersion = 16.0.29123.88
MinimumVisualStudioVersion = 10.0.40219.1
Project("{FAE04EC0-301F-11D3-BF4B-00C04F79EFBC}") = "MIC0378", "MIC0378\MIC0378.csproj", "{D044D276-212B-4727-A51F-3D5BA64D57DC}"
EndProject
Global
	GlobalSection(SolutionConfigurationPlatforms) = preSolution
		Debug|Any CPU = Debug|Any CPU
		Release|Any CPU = Release|Any CPU
	EndGlobalSection
	GlobalSection(ProjectConfigurationPlatforms) = postSolution
		{D044D276-212B-4727-A51F-3D5BA64D57DC}.Debug|Any CPU.ActiveCfg = Debug|Any CPU
		{D044D276-212B-4727-A51F-3D5BA64D57DC}.Debug|Any CPU.Build.0 = Debug|Any CPU
		{D044D276-212B-4727-A51F-3D5BA64D57DC}.Release|Any CPU.ActiveCfg = Release|Any CPU
		{D044D276-212B-4727-A51F-3D5BA64D57DC}.Release|Any CPU.Build.0 = Release|Any CPU
	EndGlobalSection
	GlobalSection(SolutionProperties) = preSolution
		HideSolutionNode = FALSE
	EndGlobalSection
	GlobalSection(ExtensibilityGlobals) = postSolution
		SolutionGuid = {851890ED-5DBE-4491-BA95-68FD71B3000B}
	EndGlobalSection
EndGlobal
